
Microsoft Visual Studio Solution File, Format Version 12.00
# Visual Studio Version 17
VisualStudioVersion = 17.0.31903.59
MinimumVisualStudioVersion = 10.0.40219.1
Project("{9A19103F-16F7-4668-BE54-9A1E7A4F7556}") = "Api", "Api\Api.csproj", "{0A15738D-C071-4E16-9E3B-94EF51A3011F}"
EndProject
Project("{FAE04EC0-301F-11D3-BF4B-00C04F79EFBC}") = "Entities", "Entities\Entities.csproj", "{90B981F1-F0F2-478A-9C1C-A036E6E4A346}"
EndProject
Project("{FAE04EC0-301F-11D3-BF4B-00C04F79EFBC}") = "Repositories", "Repositories\Repositories.csproj", "{908EF6AD-29A5-4FD2-9E16-D71CECFF27C1}"
EndProject
Project("{FAE04EC0-301F-11D3-BF4B-00C04F79EFBC}") = "Services", "Services\Services.csproj", "{17CE837A-2108-4714-A5FC-52E20A3B8246}"
EndProject
Global
	GlobalSection(SolutionConfigurationPlatforms) = preSolution
		Debug|Any CPU = Debug|Any CPU
		Release|Any CPU = Release|Any CPU
	EndGlobalSection
	GlobalSection(ProjectConfigurationPlatforms) = postSolution
		{0A15738D-C071-4E16-9E3B-94EF51A3011F}.Debug|Any CPU.ActiveCfg = Debug|Any CPU
		{0A15738D-C071-4E16-9E3B-94EF51A3011F}.Debug|Any CPU.Build.0 = Debug|Any CPU
		{0A15738D-C071-4E16-9E3B-94EF51A3011F}.Release|Any CPU.ActiveCfg = Release|Any CPU
		{0A15738D-C071-4E16-9E3B-94EF51A3011F}.Release|Any CPU.Build.0 = Release|Any CPU
		{90B981F1-F0F2-478A-9C1C-A036E6E4A346}.Debug|Any CPU.ActiveCfg = Debug|Any CPU
		{90B981F1-F0F2-478A-9C1C-A036E6E4A346}.Debug|Any CPU.Build.0 = Debug|Any CPU
		{90B981F1-F0F2-478A-9C1C-A036E6E4A346}.Release|Any CPU.ActiveCfg = Release|Any CPU
		{90B981F1-F0F2-478A-9C1C-A036E6E4A346}.Release|Any CPU.Build.0 = Release|Any CPU
		{908EF6AD-29A5-4FD2-9E16-D71CECFF27C1}.Debug|Any CPU.ActiveCfg = Debug|Any CPU
		{908EF6AD-29A5-4FD2-9E16-D71CECFF27C1}.Debug|Any CPU.Build.0 = Debug|Any CPU
		{908EF6AD-29A5-4FD2-9E16-D71CECFF27C1}.Release|Any CPU.ActiveCfg = Release|Any CPU
		{908EF6AD-29A5-4FD2-9E16-D71CECFF27C1}.Release|Any CPU.Build.0 = Release|Any CPU
		{17CE837A-2108-4714-A5FC-52E20A3B8246}.Debug|Any CPU.ActiveCfg = Debug|Any CPU
		{17CE837A-2108-4714-A5FC-52E20A3B8246}.Debug|Any CPU.Build.0 = Debug|Any CPU
		{17CE837A-2108-4714-A5FC-52E20A3B8246}.Release|Any CPU.ActiveCfg = Release|Any CPU
		{17CE837A-2108-4714-A5FC-52E20A3B8246}.Release|Any CPU.Build.0 = Release|Any CPU
	EndGlobalSection
	GlobalSection(SolutionProperties) = preSolution
		HideSolutionNode = FALSE
	EndGlobalSection
	GlobalSection(ExtensibilityGlobals) = postSolution
		SolutionGuid = {8B69B8E2-4C43-4437-B758-462F65DB31A6}
	EndGlobalSection
EndGlobal
